
Microsoft Visual Studio Solution File, Format Version 12.00
# Visual Studio Version 17
VisualStudioVersion = 17.12.35527.113 d17.12
MinimumVisualStudioVersion = 10.0.40219.1
Project("{9A19103F-16F7-4668-BE54-9A1E7A4F7556}") = "DalTest", "DalTest\DalTest.csproj", "{FB898FDB-A5D1-4D75-8B14-31C26AE0CBF1}"
EndProject
Project("{9A19103F-16F7-4668-BE54-9A1E7A4F7556}") = "DalFacade", "DalFacade\DalFacade.csproj", "{84B04262-481B-4876-83CF-F551B7A3873D}"
EndProject
Project("{9A19103F-16F7-4668-BE54-9A1E7A4F7556}") = "DalList", "DalList\DalList.csproj", "{E5B5423F-A1A9-46A7-B494-424FD365BBF0}"
EndProject
Project("{9A19103F-16F7-4668-BE54-9A1E7A4F7556}") = "Tools", "Tools\Tools.csproj", "{24E2FE8F-C968-4978-BB7A-011A3DD55D2E}"
EndProject
Project("{2150E333-8FDC-42A3-9474-1A3956D46DE8}") = "xml", "xml", "{1A1644D0-04E3-40EC-B1BC-E2AB237AB234}"
	ProjectSection(SolutionItems) = preProject
		xml\customers.xml = xml\customers.xml
		xml\dal-config.xml = xml\dal-config.xml
		xml\data-config.xml = xml\data-config.xml
		xml\products.xml = xml\products.xml
		xml\sales.xml = xml\sales.xml
	EndProjectSection
EndProject
Project("{9A19103F-16F7-4668-BE54-9A1E7A4F7556}") = "BL", "BL\BL.csproj", "{67435E7D-F5BF-4D3B-9AE2-35DDF9A8A81B}"
EndProject
Project("{9A19103F-16F7-4668-BE54-9A1E7A4F7556}") = "BlTest", "BlTest\BlTest.csproj", "{F87FE604-1014-4001-B038-19F2EE959A63}"
EndProject
Project("{FAE04EC0-301F-11D3-BF4B-00C04F79EFBC}") = "DalXml", "DalXml\DalXml.csproj", "{323D4051-54CD-4AA5-AD8C-20721C4D8FC4}"
EndProject
Project("{FAE04EC0-301F-11D3-BF4B-00C04F79EFBC}") = "UI", "UI\UI.csproj", "{A63A3AE7-1598-4CC7-8773-0A8A968F1160}"
EndProject
Global
	GlobalSection(SolutionConfigurationPlatforms) = preSolution
		Debug|Any CPU = Debug|Any CPU
		Release|Any CPU = Release|Any CPU
	EndGlobalSection
	GlobalSection(ProjectConfigurationPlatforms) = postSolution
		{FB898FDB-A5D1-4D75-8B14-31C26AE0CBF1}.Debug|Any CPU.ActiveCfg = Debug|Any CPU
		{FB898FDB-A5D1-4D75-8B14-31C26AE0CBF1}.Debug|Any CPU.Build.0 = Debug|Any CPU
		{FB898FDB-A5D1-4D75-8B14-31C26AE0CBF1}.Release|Any CPU.ActiveCfg = Release|Any CPU
		{FB898FDB-A5D1-4D75-8B14-31C26AE0CBF1}.Release|Any CPU.Build.0 = Release|Any CPU
		{84B04262-481B-4876-83CF-F551B7A3873D}.Debug|Any CPU.ActiveCfg = Debug|Any CPU
		{84B04262-481B-4876-83CF-F551B7A3873D}.Debug|Any CPU.Build.0 = Debug|Any CPU
		{84B04262-481B-4876-83CF-F551B7A3873D}.Release|Any CPU.ActiveCfg = Release|Any CPU
		{84B04262-481B-4876-83CF-F551B7A3873D}.Release|Any CPU.Build.0 = Release|Any CPU
		{E5B5423F-A1A9-46A7-B494-424FD365BBF0}.Debug|Any CPU.ActiveCfg = Debug|Any CPU
		{E5B5423F-A1A9-46A7-B494-424FD365BBF0}.Debug|Any CPU.Build.0 = Debug|Any CPU
		{E5B5423F-A1A9-46A7-B494-424FD365BBF0}.Release|Any CPU.ActiveCfg = Release|Any CPU
		{E5B5423F-A1A9-46A7-B494-424FD365BBF0}.Release|Any CPU.Build.0 = Release|Any CPU
		{24E2FE8F-C968-4978-BB7A-011A3DD55D2E}.Debug|Any CPU.ActiveCfg = Debug|Any CPU
		{24E2FE8F-C968-4978-BB7A-011A3DD55D2E}.Debug|Any CPU.Build.0 = Debug|Any CPU
		{24E2FE8F-C968-4978-BB7A-011A3DD55D2E}.Release|Any CPU.ActiveCfg = Release|Any CPU
		{24E2FE8F-C968-4978-BB7A-011A3DD55D2E}.Release|Any CPU.Build.0 = Release|Any CPU
		{67435E7D-F5BF-4D3B-9AE2-35DDF9A8A81B}.Debug|Any CPU.ActiveCfg = Debug|Any CPU
		{67435E7D-F5BF-4D3B-9AE2-35DDF9A8A81B}.Debug|Any CPU.Build.0 = Debug|Any CPU
		{67435E7D-F5BF-4D3B-9AE2-35DDF9A8A81B}.Release|Any CPU.ActiveCfg = Release|Any CPU
		{67435E7D-F5BF-4D3B-9AE2-35DDF9A8A81B}.Release|Any CPU.Build.0 = Release|Any CPU
		{F87FE604-1014-4001-B038-19F2EE959A63}.Debug|Any CPU.ActiveCfg = Debug|Any CPU
		{F87FE604-1014-4001-B038-19F2EE959A63}.Debug|Any CPU.Build.0 = Debug|Any CPU
		{F87FE604-1014-4001-B038-19F2EE959A63}.Release|Any CPU.ActiveCfg = Release|Any CPU
		{F87FE604-1014-4001-B038-19F2EE959A63}.Release|Any CPU.Build.0 = Release|Any CPU
		{323D4051-54CD-4AA5-AD8C-20721C4D8FC4}.Debug|Any CPU.ActiveCfg = Debug|Any CPU
		{323D4051-54CD-4AA5-AD8C-20721C4D8FC4}.Debug|Any CPU.Build.0 = Debug|Any CPU
		{323D4051-54CD-4AA5-AD8C-20721C4D8FC4}.Release|Any CPU.ActiveCfg = Release|Any CPU
		{323D4051-54CD-4AA5-AD8C-20721C4D8FC4}.Release|Any CPU.Build.0 = Release|Any CPU
		{A63A3AE7-1598-4CC7-8773-0A8A968F1160}.Debug|Any CPU.ActiveCfg = Debug|Any CPU
		{A63A3AE7-1598-4CC7-8773-0A8A968F1160}.Debug|Any CPU.Build.0 = Debug|Any CPU
		{A63A3AE7-1598-4CC7-8773-0A8A968F1160}.Release|Any CPU.ActiveCfg = Release|Any CPU
		{A63A3AE7-1598-4CC7-8773-0A8A968F1160}.Release|Any CPU.Build.0 = Release|Any CPU
	EndGlobalSection
	GlobalSection(SolutionProperties) = preSolution
		HideSolutionNode = FALSE
	EndGlobalSection
	GlobalSection(ExtensibilityGlobals) = postSolution
		SolutionGuid = {B0CAD5B8-AD30-473B-A6FA-4D1D537C3C5E}
	EndGlobalSection
EndGlobal
